
Microsoft Visual Studio Solution File, Format Version 12.00
# Visual Studio Version 17
VisualStudioVersion = 17.14.36221.1
MinimumVisualStudioVersion = 10.0.40219.1
Project("{FAE04EC0-301F-11D3-BF4B-00C04F79EFBC}") = "LucasRT.RavenDB.Demo.RestAPI", "LucasRT.RavenDB.Demo.RestAPI\LucasRT.RavenDB.Demo.RestAPI.csproj", "{C7C05965-0693-440B-B200-28FB4F2B71E4}"
EndProject
Project("{2150E333-8FDC-42A3-9474-1A3956D46DE8}") = "Solution Items", "Solution Items", "{8EC462FD-D22E-90A8-E5CE-7E832BA40C5D}"
	ProjectSection(SolutionItems) = preProject
		README.md = README.md
	EndProjectSection
EndProject
Project("{FAE04EC0-301F-11D3-BF4B-00C04F79EFBC}") = "LucasRT.RavenDB.Demo.Domain", "LucasRT.RavenDB.Demo.Domain\LucasRT.RavenDB.Demo.Domain.csproj", "{7846AB88-CC92-4C45-BF46-4D9BD423808D}"
EndProject
Project("{FAE04EC0-301F-11D3-BF4B-00C04F79EFBC}") = "LucasRT.RavenDB.Demo.Application", "LucasRT.RavenDB.Demo.Application\LucasRT.RavenDB.Demo.Application.csproj", "{667F4534-491B-48D1-A33B-1726A9161BFF}"
EndProject
Project("{FAE04EC0-301F-11D3-BF4B-00C04F79EFBC}") = "LeadSoft.Adapter.OpenAI_Bridge", "LeadSoft.Adapter.OpenAI_Bridge\LeadSoft.Adapter.OpenAI_Bridge.csproj", "{1C359689-9794-41B4-A3F7-48DEDABF87A4}"
EndProject
Global
	GlobalSection(SolutionConfigurationPlatforms) = preSolution
		Debug|Any CPU = Debug|Any CPU
		Release|Any CPU = Release|Any CPU
	EndGlobalSection
	GlobalSection(ProjectConfigurationPlatforms) = postSolution
		{C7C05965-0693-440B-B200-28FB4F2B71E4}.Debug|Any CPU.ActiveCfg = Debug|Any CPU
		{C7C05965-0693-440B-B200-28FB4F2B71E4}.Debug|Any CPU.Build.0 = Debug|Any CPU
		{C7C05965-0693-440B-B200-28FB4F2B71E4}.Release|Any CPU.ActiveCfg = Release|Any CPU
		{C7C05965-0693-440B-B200-28FB4F2B71E4}.Release|Any CPU.Build.0 = Release|Any CPU
		{7846AB88-CC92-4C45-BF46-4D9BD423808D}.Debug|Any CPU.ActiveCfg = Debug|Any CPU
		{7846AB88-CC92-4C45-BF46-4D9BD423808D}.Debug|Any CPU.Build.0 = Debug|Any CPU
		{7846AB88-CC92-4C45-BF46-4D9BD423808D}.Release|Any CPU.ActiveCfg = Release|Any CPU
		{7846AB88-CC92-4C45-BF46-4D9BD423808D}.Release|Any CPU.Build.0 = Release|Any CPU
		{667F4534-491B-48D1-A33B-1726A9161BFF}.Debug|Any CPU.ActiveCfg = Debug|Any CPU
		{667F4534-491B-48D1-A33B-1726A9161BFF}.Debug|Any CPU.Build.0 = Debug|Any CPU
		{667F4534-491B-48D1-A33B-1726A9161BFF}.Release|Any CPU.ActiveCfg = Release|Any CPU
		{667F4534-491B-48D1-A33B-1726A9161BFF}.Release|Any CPU.Build.0 = Release|Any CPU
		{1C359689-9794-41B4-A3F7-48DEDABF87A4}.Debug|Any CPU.ActiveCfg = Debug|Any CPU
		{1C359689-9794-41B4-A3F7-48DEDABF87A4}.Debug|Any CPU.Build.0 = Debug|Any CPU
		{1C359689-9794-41B4-A3F7-48DEDABF87A4}.Release|Any CPU.ActiveCfg = Release|Any CPU
		{1C359689-9794-41B4-A3F7-48DEDABF87A4}.Release|Any CPU.Build.0 = Release|Any CPU
	EndGlobalSection
	GlobalSection(SolutionProperties) = preSolution
		HideSolutionNode = FALSE
	EndGlobalSection
	GlobalSection(ExtensibilityGlobals) = postSolution
		SolutionGuid = {3FA76BEC-EA0F-438E-A555-9B138A441C61}
	EndGlobalSection
EndGlobal
